
Microsoft Visual Studio Solution File, Format Version 12.00
# Visual Studio Version 17
VisualStudioVersion = 17.8.34330.188
MinimumVisualStudioVersion = 10.0.40219.1
Project("{9A19103F-16F7-4668-BE54-9A1E7A4F7556}") = "CGVModClient", "CGVModClient\CGVModClient.csproj", "{D27868A6-5F7C-48E5-9461-4C4C17A0E17A}"
EndProject
Project("{9A19103F-16F7-4668-BE54-9A1E7A4F7556}") = "UnitTest", "UnitTest\UnitTest.csproj", "{AAAB2134-B4B6-434D-8FEC-54792518C711}"
EndProject
Project("{2150E333-8FDC-42A3-9474-1A3956D46DE8}") = "src", "src", "{8D4D9B3E-E6D7-4F1D-A1B8-6FEDA55CF44F}"
EndProject
Project("{2150E333-8FDC-42A3-9474-1A3956D46DE8}") = "test", "test", "{0DC3C147-3FC3-454D-83D9-3B472EB40AEA}"
EndProject
Project("{2150E333-8FDC-42A3-9474-1A3956D46DE8}") = "Solution Items", "Solution Items", "{5873B3E6-9F7F-4866-8629-5DB6F1C84383}"
	ProjectSection(SolutionItems) = preProject
		.editorconfig = .editorconfig
	EndProjectSection
EndProject
Global
	GlobalSection(SolutionConfigurationPlatforms) = preSolution
		Debug|Any CPU = Debug|Any CPU
		Release|Any CPU = Release|Any CPU
	EndGlobalSection
	GlobalSection(ProjectConfigurationPlatforms) = postSolution
		{D27868A6-5F7C-48E5-9461-4C4C17A0E17A}.Debug|Any CPU.ActiveCfg = Debug|Any CPU
		{D27868A6-5F7C-48E5-9461-4C4C17A0E17A}.Debug|Any CPU.Build.0 = Debug|Any CPU
		{D27868A6-5F7C-48E5-9461-4C4C17A0E17A}.Debug|Any CPU.Deploy.0 = Debug|Any CPU
		{D27868A6-5F7C-48E5-9461-4C4C17A0E17A}.Release|Any CPU.ActiveCfg = Release|Any CPU
		{D27868A6-5F7C-48E5-9461-4C4C17A0E17A}.Release|Any CPU.Build.0 = Release|Any CPU
		{D27868A6-5F7C-48E5-9461-4C4C17A0E17A}.Release|Any CPU.Deploy.0 = Release|Any CPU
		{AAAB2134-B4B6-434D-8FEC-54792518C711}.Debug|Any CPU.ActiveCfg = Debug|Any CPU
		{AAAB2134-B4B6-434D-8FEC-54792518C711}.Debug|Any CPU.Build.0 = Debug|Any CPU
		{AAAB2134-B4B6-434D-8FEC-54792518C711}.Release|Any CPU.ActiveCfg = Release|Any CPU
		{AAAB2134-B4B6-434D-8FEC-54792518C711}.Release|Any CPU.Build.0 = Release|Any CPU
	EndGlobalSection
	GlobalSection(SolutionProperties) = preSolution
		HideSolutionNode = FALSE
	EndGlobalSection
	GlobalSection(NestedProjects) = preSolution
		{D27868A6-5F7C-48E5-9461-4C4C17A0E17A} = {8D4D9B3E-E6D7-4F1D-A1B8-6FEDA55CF44F}
		{AAAB2134-B4B6-434D-8FEC-54792518C711} = {0DC3C147-3FC3-454D-83D9-3B472EB40AEA}
	EndGlobalSection
	GlobalSection(ExtensibilityGlobals) = postSolution
		SolutionGuid = {341ECE20-3BAA-418A-BAD9-BB598664AD90}
	EndGlobalSection
EndGlobal
